// !$*UTF8*$!
{
	archiveVersion = 1;
	classes = {
	};
	objectVersion = 50;
	objects = {

/* Begin PBXBuildFile section */
		4915A69225644826004D755F /* libSDL2_image-2.0.0.dylib in Frameworks */ = {isa = PBXBuildFile; fileRef = 4915A69125644826004D755F /* libSDL2_image-2.0.0.dylib */; };
		4915A6962564A29D004D755F /* status.c in Sources */ = {isa = PBXBuildFile; fileRef = 4915A6952564A29D004D755F /* status.c */; };
		4915A69B2564A83F004D755F /* libSDL2_ttf-2.0.0.dylib in Frameworks */ = {isa = PBXBuildFile; fileRef = 4915A69A2564A83F004D755F /* libSDL2_ttf-2.0.0.dylib */; };
		4974C0E52569E7F100497E7F /* libSDL2_mixer-2.0.0.dylib in Frameworks */ = {isa = PBXBuildFile; fileRef = 4974C0E42569E7F100497E7F /* libSDL2_mixer-2.0.0.dylib */; };
		49E3D34B256408880036EA2D /* main.c in Sources */ = {isa = PBXBuildFile; fileRef = 49E3D34A256408880036EA2D /* main.c */; };
		49E3D3542564095B0036EA2D /* libSDL2-2.0.0.dylib in Frameworks */ = {isa = PBXBuildFile; fileRef = 49E3D3532564095B0036EA2D /* libSDL2-2.0.0.dylib */; };
/* End PBXBuildFile section */

/* Begin PBXCopyFilesBuildPhase section */
		49E3D345256408880036EA2D /* CopyFiles */ = {
			isa = PBXCopyFilesBuildPhase;
			buildActionMask = 2147483647;
			dstPath = /usr/share/man/man1;
			dstSubfolderSpec = 0;
			files = (
			);
			runOnlyForDeploymentPostprocessing = 1;
		};
/* End PBXCopyFilesBuildPhase section */

/* Begin PBXFileReference section */
		4915A69125644826004D755F /* libSDL2_image-2.0.0.dylib */ = {isa = PBXFileReference; lastKnownFileType = "compiled.mach-o.dylib"; name = "libSDL2_image-2.0.0.dylib"; path = "../../../../../../usr/local/Cellar/sdl2_image/2.0.5/lib/libSDL2_image-2.0.0.dylib"; sourceTree = "<group>"; };
		4915A6952564A29D004D755F /* status.c */ = {isa = PBXFileReference; lastKnownFileType = sourcecode.c.c; path = status.c; sourceTree = "<group>"; };
		4915A6982564A355004D755F /* main.h */ = {isa = PBXFileReference; lastKnownFileType = sourcecode.c.h; path = main.h; sourceTree = "<group>"; };
		4915A69A2564A83F004D755F /* libSDL2_ttf-2.0.0.dylib */ = {isa = PBXFileReference; lastKnownFileType = "compiled.mach-o.dylib"; name = "libSDL2_ttf-2.0.0.dylib"; path = "../../../../../../usr/local/Cellar/sdl2_ttf/2.0.15/lib/libSDL2_ttf-2.0.0.dylib"; sourceTree = "<group>"; };
		4915A69D2564AD19004D755F /* status.h */ = {isa = PBXFileReference; lastKnownFileType = sourcecode.c.h; path = status.h; sourceTree = "<group>"; };
		4974C0E42569E7F100497E7F /* libSDL2_mixer-2.0.0.dylib */ = {isa = PBXFileReference; lastKnownFileType = "compiled.mach-o.dylib"; name = "libSDL2_mixer-2.0.0.dylib"; path = "../../../../../../usr/local/Cellar/sdl2_mixer/2.0.4/lib/libSDL2_mixer-2.0.0.dylib"; sourceTree = "<group>"; };
		49E3D347256408880036EA2D /* SDLTut */ = {isa = PBXFileReference; explicitFileType = "compiled.mach-o.executable"; includeInIndex = 0; path = SDLTut; sourceTree = BUILT_PRODUCTS_DIR; };
		49E3D34A256408880036EA2D /* main.c */ = {isa = PBXFileReference; lastKnownFileType = sourcecode.c.c; path = main.c; sourceTree = "<group>"; };
		49E3D3532564095B0036EA2D /* libSDL2-2.0.0.dylib */ = {isa = PBXFileReference; lastKnownFileType = "compiled.mach-o.dylib"; name = "libSDL2-2.0.0.dylib"; path = "../../../../../../usr/local/Cellar/sdl2/2.0.12_1/lib/libSDL2-2.0.0.dylib"; sourceTree = "<group>"; };
/* End PBXFileReference section */

/* Begin PBXFrameworksBuildPhase section */
		49E3D344256408880036EA2D /* Frameworks */ = {
			isa = PBXFrameworksBuildPhase;
			buildActionMask = 2147483647;
			files = (
				4974C0E52569E7F100497E7F /* libSDL2_mixer-2.0.0.dylib in Frameworks */,
				4915A69B2564A83F004D755F /* libSDL2_ttf-2.0.0.dylib in Frameworks */,
				4915A69225644826004D755F /* libSDL2_image-2.0.0.dylib in Frameworks */,
				49E3D3542564095B0036EA2D /* libSDL2-2.0.0.dylib in Frameworks */,
			);
			runOnlyForDeploymentPostprocessing = 0;
		};
/* End PBXFrameworksBuildPhase section */

/* Begin PBXGroup section */
		49E3D33E256408880036EA2D = {
			isa = PBXGroup;
			children = (
				49E3D349256408880036EA2D /* SDLTut */,
				49E3D348256408880036EA2D /* Products */,
				49E3D3522564095A0036EA2D /* Frameworks */,
			);
			sourceTree = "<group>";
		};
		49E3D348256408880036EA2D /* Products */ = {
			isa = PBXGroup;
			children = (
				49E3D347256408880036EA2D /* SDLTut */,
			);
			name = Products;
			sourceTree = "<group>";
		};
		49E3D349256408880036EA2D /* SDLTut */ = {
			isa = PBXGroup;
			children = (
				49E3D34A256408880036EA2D /* main.c */,
				4915A6952564A29D004D755F /* status.c */,
				4915A6982564A355004D755F /* main.h */,
				4915A69D2564AD19004D755F /* status.h */,
			);
			path = SDLTut;
			sourceTree = "<group>";
		};
		49E3D3522564095A0036EA2D /* Frameworks */ = {
			isa = PBXGroup;
			children = (
				4974C0E42569E7F100497E7F /* libSDL2_mixer-2.0.0.dylib */,
				4915A69A2564A83F004D755F /* libSDL2_ttf-2.0.0.dylib */,
				4915A69125644826004D755F /* libSDL2_image-2.0.0.dylib */,
				49E3D3532564095B0036EA2D /* libSDL2-2.0.0.dylib */,
			);
			name = Frameworks;
			sourceTree = "<group>";
		};
/* End PBXGroup section */

/* Begin PBXNativeTarget section */
		49E3D346256408880036EA2D /* SDLTut */ = {
			isa = PBXNativeTarget;
			buildConfigurationList = 49E3D34E256408880036EA2D /* Build configuration list for PBXNativeTarget "SDLTut" */;
			buildPhases = (
				49E3D343256408880036EA2D /* Sources */,
				49E3D344256408880036EA2D /* Frameworks */,
				49E3D345256408880036EA2D /* CopyFiles */,
			);
			buildRules = (
			);
			dependencies = (
			);
			name = SDLTut;
			productName = SDLTut;
			productReference = 49E3D347256408880036EA2D /* SDLTut */;
			productType = "com.apple.product-type.tool";
		};
/* End PBXNativeTarget section */

/* Begin PBXProject section */
		49E3D33F256408880036EA2D /* Project object */ = {
			isa = PBXProject;
			attributes = {
				LastUpgradeCheck = 1240;
				TargetAttributes = {
					49E3D346256408880036EA2D = {
						CreatedOnToolsVersion = 12.2;
					};
				};
			};
			buildConfigurationList = 49E3D342256408880036EA2D /* Build configuration list for PBXProject "SDLTut" */;
			compatibilityVersion = "Xcode 9.3";
			developmentRegion = en;
			hasScannedForEncodings = 0;
			knownRegions = (
				en,
				Base,
			);
			mainGroup = 49E3D33E256408880036EA2D;
			productRefGroup = 49E3D348256408880036EA2D /* Products */;
			projectDirPath = "";
			projectRoot = "";
			targets = (
				49E3D346256408880036EA2D /* SDLTut */,
			);
		};
/* End PBXProject section */

/* Begin PBXSourcesBuildPhase section */
		49E3D343256408880036EA2D /* Sources */ = {
			isa = PBXSourcesBuildPhase;
			buildActionMask = 2147483647;
			files = (
				49E3D34B256408880036EA2D /* main.c in Sources */,
				4915A6962564A29D004D755F /* status.c in Sources */,
			);
			runOnlyForDeploymentPostprocessing = 0;
		};
/* End PBXSourcesBuildPhase section */

/* Begin XCBuildConfiguration section */
		49E3D34C256408880036EA2D /* Debug */ = {
			isa = XCBuildConfiguration;
			buildSettings = {
				ALWAYS_SEARCH_USER_PATHS = NO;
				CLANG_ANALYZER_NONNULL = YES;
				CLANG_ANALYZER_NUMBER_OBJECT_CONVERSION = YES_AGGRESSIVE;
				CLANG_CXX_LANGUAGE_STANDARD = "gnu++14";
				CLANG_CXX_LIBRARY = "libc++";
				CLANG_ENABLE_MODULES = YES;
				CLANG_ENABLE_OBJC_ARC = YES;
				CLANG_ENABLE_OBJC_WEAK = YES;
				CLANG_WARN_BLOCK_CAPTURE_AUTORELEASING = YES;
				CLANG_WARN_BOOL_CONVERSION = YES;
				CLANG_WARN_COMMA = YES;
				CLANG_WARN_CONSTANT_CONVERSION = YES;
				CLANG_WARN_DEPRECATED_OBJC_IMPLEMENTATIONS = YES;
				CLANG_WARN_DIRECT_OBJC_ISA_USAGE = YES_ERROR;
				CLANG_WARN_DOCUMENTATION_COMMENTS = YES;
				CLANG_WARN_EMPTY_BODY = YES;
				CLANG_WARN_ENUM_CONVERSION = YES;
				CLANG_WARN_INFINITE_RECURSION = YES;
				CLANG_WARN_INT_CONVERSION = YES;
				CLANG_WARN_NON_LITERAL_NULL_CONVERSION = YES;
				CLANG_WARN_OBJC_IMPLICIT_RETAIN_SELF = YES;
				CLANG_WARN_OBJC_LITERAL_CONVERSION = YES;
				CLANG_WARN_OBJC_ROOT_CLASS = YES_ERROR;
				CLANG_WARN_QUOTED_INCLUDE_IN_FRAMEWORK_HEADER = YES;
				CLANG_WARN_RANGE_LOOP_ANALYSIS = YES;
				CLANG_WARN_STRICT_PROTOTYPES = YES;
				CLANG_WARN_SUSPICIOUS_MOVE = YES;
				CLANG_WARN_UNGUARDED_AVAILABILITY = YES_AGGRESSIVE;
				CLANG_WARN_UNREACHABLE_CODE = YES;
				CLANG_WARN__DUPLICATE_METHOD_MATCH = YES;
				COPY_PHASE_STRIP = NO;
				DEBUG_INFORMATION_FORMAT = dwarf;
				ENABLE_STRICT_OBJC_MSGSEND = YES;
				ENABLE_TESTABILITY = YES;
				GCC_C_LANGUAGE_STANDARD = gnu11;
				GCC_DYNAMIC_NO_PIC = NO;
				GCC_NO_COMMON_BLOCKS = YES;
				GCC_OPTIMIZATION_LEVEL = 0;
				GCC_PREPROCESSOR_DEFINITIONS = (
					"DEBUG=1",
					"$(inherited)",
				);
				GCC_WARN_64_TO_32_BIT_CONVERSION = YES;
				GCC_WARN_ABOUT_RETURN_TYPE = YES_ERROR;
				GCC_WARN_UNDECLARED_SELECTOR = YES;
				GCC_WARN_UNINITIALIZED_AUTOS = YES_AGGRESSIVE;
				GCC_WARN_UNUSED_FUNCTION = YES;
				GCC_WARN_UNUSED_VARIABLE = YES;
				MACOSX_DEPLOYMENT_TARGET = 11.0;
				MTL_ENABLE_DEBUG_INFO = INCLUDE_SOURCE;
				MTL_FAST_MATH = YES;
				ONLY_ACTIVE_ARCH = YES;
				SDKROOT = macosx;
			};
			name = Debug;
		};
		49E3D34D256408880036EA2D /* Release */ = {
			isa = XCBuildConfiguration;
			buildSettings = {
				ALWAYS_SEARCH_USER_PATHS = NO;
				CLANG_ANALYZER_NONNULL = YES;
				CLANG_ANALYZER_NUMBER_OBJECT_CONVERSION = YES_AGGRESSIVE;
				CLANG_CXX_LANGUAGE_STANDARD = "gnu++14";
				CLANG_CXX_LIBRARY = "libc++";
				CLANG_ENABLE_MODULES = YES;
				CLANG_ENABLE_OBJC_ARC = YES;
				CLANG_ENABLE_OBJC_WEAK = YES;
				CLANG_WARN_BLOCK_CAPTURE_AUTORELEASING = YES;
				CLANG_WARN_BOOL_CONVERSION = YES;
				CLANG_WARN_COMMA = YES;
				CLANG_WARN_CONSTANT_CONVERSION = YES;
				CLANG_WARN_DEPRECATED_OBJC_IMPLEMENTATIONS = YES;
				CLANG_WARN_DIRECT_OBJC_ISA_USAGE = YES_ERROR;
				CLANG_WARN_DOCUMENTATION_COMMENTS = YES;
				CLANG_WARN_EMPTY_BODY = YES;
				CLANG_WARN_ENUM_CONVERSION = YES;
				CLANG_WARN_INFINITE_RECURSION = YES;
				CLANG_WARN_INT_CONVERSION = YES;
				CLANG_WARN_NON_LITERAL_NULL_CONVERSION = YES;
				CLANG_WARN_OBJC_IMPLICIT_RETAIN_SELF = YES;
				CLANG_WARN_OBJC_LITERAL_CONVERSION = YES;
				CLANG_WARN_OBJC_ROOT_CLASS = YES_ERROR;
				CLANG_WARN_QUOTED_INCLUDE_IN_FRAMEWORK_HEADER = YES;
				CLANG_WARN_RANGE_LOOP_ANALYSIS = YES;
				CLANG_WARN_STRICT_PROTOTYPES = YES;
				CLANG_WARN_SUSPICIOUS_MOVE = YES;
				CLANG_WARN_UNGUARDED_AVAILABILITY = YES_AGGRESSIVE;
				CLANG_WARN_UNREACHABLE_CODE = YES;
				CLANG_WARN__DUPLICATE_METHOD_MATCH = YES;
				COPY_PHASE_STRIP = NO;
				DEBUG_INFORMATION_FORMAT = "dwarf-with-dsym";
				ENABLE_NS_ASSERTIONS = NO;
				ENABLE_STRICT_OBJC_MSGSEND = YES;
				GCC_C_LANGUAGE_STANDARD = gnu11;
				GCC_NO_COMMON_BLOCKS = YES;
				GCC_WARN_64_TO_32_BIT_CONVERSION = YES;
				GCC_WARN_ABOUT_RETURN_TYPE = YES_ERROR;
				GCC_WARN_UNDECLARED_SELECTOR = YES;
				GCC_WARN_UNINITIALIZED_AUTOS = YES_AGGRESSIVE;
				GCC_WARN_UNUSED_FUNCTION = YES;
				GCC_WARN_UNUSED_VARIABLE = YES;
				MACOSX_DEPLOYMENT_TARGET = 11.0;
				MTL_ENABLE_DEBUG_INFO = NO;
				MTL_FAST_MATH = YES;
				SDKROOT = macosx;
			};
			name = Release;
		};
		49E3D34F256408880036EA2D /* Debug */ = {
			isa = XCBuildConfiguration;
			buildSettings = {
				CODE_SIGN_IDENTITY = "-";
				CODE_SIGN_STYLE = Automatic;
				HEADER_SEARCH_PATHS = /usr/local/include;
				LIBRARY_SEARCH_PATHS = (
					"$(inherited)",
					/usr/local/Cellar/sdl2/2.0.12_1/lib,
					/usr/local/Cellar/sdl2_image/2.0.5/lib,
					/usr/local/Cellar/sdl2_ttf/2.0.15/lib,
					/usr/local/Cellar/sdl2_mixer/2.0.4/lib,
				);
				PRODUCT_NAME = "$(TARGET_NAME)";
			};
			name = Debug;
		};
		49E3D350256408880036EA2D /* Release */ = {
			isa = XCBuildConfiguration;
			buildSettings = {
				CODE_SIGN_IDENTITY = "-";
				CODE_SIGN_STYLE = Automatic;
				HEADER_SEARCH_PATHS = /usr/local/include;
				LIBRARY_SEARCH_PATHS = (
					"$(inherited)",
					/usr/local/Cellar/sdl2/2.0.12_1/lib,
					/usr/local/Cellar/sdl2_image/2.0.5/lib,
					/usr/local/Cellar/sdl2_ttf/2.0.15/lib,
					/usr/local/Cellar/sdl2_mixer/2.0.4/lib,
				);
				PRODUCT_NAME = "$(TARGET_NAME)";
			};
			name = Release;
		};
/* End XCBuildConfiguration section */

/* Begin XCConfigurationList section */
		49E3D342256408880036EA2D /* Build configuration list for PBXProject "SDLTut" */ = {
			isa = XCConfigurationList;
			buildConfigurations = (
				49E3D34C256408880036EA2D /* Debug */,
				49E3D34D256408880036EA2D /* Release */,
			);
			defaultConfigurationIsVisible = 0;
			defaultConfigurationName = Release;
		};
		49E3D34E256408880036EA2D /* Build configuration list for PBXNativeTarget "SDLTut" */ = {
			isa = XCConfigurationList;
			buildConfigurations = (
				49E3D34F256408880036EA2D /* Debug */,
				49E3D350256408880036EA2D /* Release */,
			);
			defaultConfigurationIsVisible = 0;
			defaultConfigurationName = Release;
		};
/* End XCConfigurationList section */
	};
	rootObject = 49E3D33F256408880036EA2D /* Project object */;
}
